
Microsoft Visual Studio Solution File, Format Version 12.00
# Visual Studio Version 17
VisualStudioVersion = 17.11.35222.181
MinimumVisualStudioVersion = 10.0.40219.1
Project("{8BC9CEB8-8B4A-11D0-8D11-00A0C91BC942}") = "ContaDeBar", "ContaDeBar\ContaDeBar.vcxproj", "{7D8D7286-5ABA-4E82-9BF6-53503E643A90}"
EndProject
Global
	GlobalSection(SolutionConfigurationPlatforms) = preSolution
		Debug|x64 = Debug|x64
		Debug|x86 = Debug|x86
		Release|x64 = Release|x64
		Release|x86 = Release|x86
	EndGlobalSection
	GlobalSection(ProjectConfigurationPlatforms) = postSolution
		{7D8D7286-5ABA-4E82-9BF6-53503E643A90}.Debug|x64.ActiveCfg = Debug|x64
		{7D8D7286-5ABA-4E82-9BF6-53503E643A90}.Debug|x64.Build.0 = Debug|x64
		{7D8D7286-5ABA-4E82-9BF6-53503E643A90}.Debug|x86.ActiveCfg = Debug|Win32
		{7D8D7286-5ABA-4E82-9BF6-53503E643A90}.Debug|x86.Build.0 = Debug|Win32
		{7D8D7286-5ABA-4E82-9BF6-53503E643A90}.Release|x64.ActiveCfg = Release|x64
		{7D8D7286-5ABA-4E82-9BF6-53503E643A90}.Release|x64.Build.0 = Release|x64
		{7D8D7286-5ABA-4E82-9BF6-53503E643A90}.Release|x86.ActiveCfg = Release|Win32
		{7D8D7286-5ABA-4E82-9BF6-53503E643A90}.Release|x86.Build.0 = Release|Win32
	EndGlobalSection
	GlobalSection(SolutionProperties) = preSolution
		HideSolutionNode = FALSE
	EndGlobalSection
	GlobalSection(ExtensibilityGlobals) = postSolution
		SolutionGuid = {E8879CC4-AFEF-4ABC-B273-7D0747B40F1D}
	EndGlobalSection
EndGlobal
